// !$*UTF8*$!
{
	archiveVersion = 1;
	classes = {
	};
	objectVersion = 50;
	objects = {

/* Begin PBXBuildFile section */
		55311AE724A330C700332190 /* AppDelegate.swift in Sources */ = {isa = PBXBuildFile; fileRef = 55311AE624A330C700332190 /* AppDelegate.swift */; };
		55311AE924A330C700332190 /* SceneDelegate.swift in Sources */ = {isa = PBXBuildFile; fileRef = 55311AE824A330C700332190 /* SceneDelegate.swift */; };
		55311AEC24A330C700332190 /* finalProject.xcdatamodeld in Sources */ = {isa = PBXBuildFile; fileRef = 55311AEA24A330C700332190 /* finalProject.xcdatamodeld */; };
		55311AEE24A330C700332190 /* ContentView.swift in Sources */ = {isa = PBXBuildFile; fileRef = 55311AED24A330C700332190 /* ContentView.swift */; };
		55311AF024A330CB00332190 /* Assets.xcassets in Resources */ = {isa = PBXBuildFile; fileRef = 55311AEF24A330CB00332190 /* Assets.xcassets */; };
		55311AF324A330CB00332190 /* Preview Assets.xcassets in Resources */ = {isa = PBXBuildFile; fileRef = 55311AF224A330CB00332190 /* Preview Assets.xcassets */; };
		55311AF624A330CB00332190 /* LaunchScreen.storyboard in Resources */ = {isa = PBXBuildFile; fileRef = 55311AF424A330CB00332190 /* LaunchScreen.storyboard */; };
		55311AFE24A3310200332190 /* ubikeView.swift in Sources */ = {isa = PBXBuildFile; fileRef = 55311AFD24A3310200332190 /* ubikeView.swift */; };
		55311B0224A3313B00332190 /* ubikeDetail.swift in Sources */ = {isa = PBXBuildFile; fileRef = 55311B0124A3313B00332190 /* ubikeDetail.swift */; };
		55311B0624A3316500332190 /* ubikeInfo.swift in Sources */ = {isa = PBXBuildFile; fileRef = 55311B0524A3316500332190 /* ubikeInfo.swift */; };
		55311B0824A3317800332190 /* siteRow.swift in Sources */ = {isa = PBXBuildFile; fileRef = 55311B0724A3317800332190 /* siteRow.swift */; };
		55311B1024A345E800332190 /* ubikeData.swift in Sources */ = {isa = PBXBuildFile; fileRef = 55311B0F24A345E800332190 /* ubikeData.swift */; };
		55311B1224A347CE00332190 /* siteData.swift in Sources */ = {isa = PBXBuildFile; fileRef = 55311B1124A347CE00332190 /* siteData.swift */; };
		55311B1C24A37C7800332190 /* siteDetail.swift in Sources */ = {isa = PBXBuildFile; fileRef = 55311B1B24A37C7800332190 /* siteDetail.swift */; };
		55311B1E24A37C9400332190 /* ubikeRow.swift in Sources */ = {isa = PBXBuildFile; fileRef = 55311B1D24A37C9400332190 /* ubikeRow.swift */; };
		55311B2024A389BF00332190 /* siteView.swift in Sources */ = {isa = PBXBuildFile; fileRef = 55311B1F24A389BF00332190 /* siteView.swift */; };
		55311B2224A38A5900332190 /* siteInfo.swift in Sources */ = {isa = PBXBuildFile; fileRef = 55311B2124A38A5900332190 /* siteInfo.swift */; };
		55311B2424A38B6400332190 /* videoView.swift in Sources */ = {isa = PBXBuildFile; fileRef = 55311B2324A38B6400332190 /* videoView.swift */; };
		55311B2624A38BC000332190 /* webView.swift in Sources */ = {isa = PBXBuildFile; fileRef = 55311B2524A38BC000332190 /* webView.swift */; };
/* End PBXBuildFile section */

/* Begin PBXFileReference section */
		55311AE324A330C700332190 /* finalProject.app */ = {isa = PBXFileReference; explicitFileType = wrapper.application; includeInIndex = 0; path = finalProject.app; sourceTree = BUILT_PRODUCTS_DIR; };
		55311AE624A330C700332190 /* AppDelegate.swift */ = {isa = PBXFileReference; lastKnownFileType = sourcecode.swift; path = AppDelegate.swift; sourceTree = "<group>"; };
		55311AE824A330C700332190 /* SceneDelegate.swift */ = {isa = PBXFileReference; lastKnownFileType = sourcecode.swift; path = SceneDelegate.swift; sourceTree = "<group>"; };
		55311AEB24A330C700332190 /* finalProject.xcdatamodel */ = {isa = PBXFileReference; lastKnownFileType = wrapper.xcdatamodel; path = finalProject.xcdatamodel; sourceTree = "<group>"; };
		55311AED24A330C700332190 /* ContentView.swift */ = {isa = PBXFileReference; lastKnownFileType = sourcecode.swift; path = ContentView.swift; sourceTree = "<group>"; };
		55311AEF24A330CB00332190 /* Assets.xcassets */ = {isa = PBXFileReference; lastKnownFileType = folder.assetcatalog; path = Assets.xcassets; sourceTree = "<group>"; };
		55311AF224A330CB00332190 /* Preview Assets.xcassets */ = {isa = PBXFileReference; lastKnownFileType = folder.assetcatalog; path = "Preview Assets.xcassets"; sourceTree = "<group>"; };
		55311AF524A330CB00332190 /* Base */ = {isa = PBXFileReference; lastKnownFileType = file.storyboard; name = Base; path = Base.lproj/LaunchScreen.storyboard; sourceTree = "<group>"; };
		55311AF724A330CB00332190 /* Info.plist */ = {isa = PBXFileReference; lastKnownFileType = text.plist.xml; path = Info.plist; sourceTree = "<group>"; };
		55311AFD24A3310200332190 /* ubikeView.swift */ = {isa = PBXFileReference; lastKnownFileType = sourcecode.swift; path = ubikeView.swift; sourceTree = "<group>"; };
		55311B0124A3313B00332190 /* ubikeDetail.swift */ = {isa = PBXFileReference; lastKnownFileType = sourcecode.swift; path = ubikeDetail.swift; sourceTree = "<group>"; };
		55311B0524A3316500332190 /* ubikeInfo.swift */ = {isa = PBXFileReference; lastKnownFileType = sourcecode.swift; path = ubikeInfo.swift; sourceTree = "<group>"; };
		55311B0724A3317800332190 /* siteRow.swift */ = {isa = PBXFileReference; lastKnownFileType = sourcecode.swift; path = siteRow.swift; sourceTree = "<group>"; };
		55311B0F24A345E800332190 /* ubikeData.swift */ = {isa = PBXFileReference; lastKnownFileType = sourcecode.swift; path = ubikeData.swift; sourceTree = "<group>"; };
		55311B1124A347CE00332190 /* siteData.swift */ = {isa = PBXFileReference; lastKnownFileType = sourcecode.swift; path = siteData.swift; sourceTree = "<group>"; };
		55311B1B24A37C7800332190 /* siteDetail.swift */ = {isa = PBXFileReference; lastKnownFileType = sourcecode.swift; path = siteDetail.swift; sourceTree = "<group>"; };
		55311B1D24A37C9400332190 /* ubikeRow.swift */ = {isa = PBXFileReference; lastKnownFileType = sourcecode.swift; path = ubikeRow.swift; sourceTree = "<group>"; };
		55311B1F24A389BF00332190 /* siteView.swift */ = {isa = PBXFileReference; lastKnownFileType = sourcecode.swift; path = siteView.swift; sourceTree = "<group>"; };
		55311B2124A38A5900332190 /* siteInfo.swift */ = {isa = PBXFileReference; lastKnownFileType = sourcecode.swift; path = siteInfo.swift; sourceTree = "<group>"; };
		55311B2324A38B6400332190 /* videoView.swift */ = {isa = PBXFileReference; lastKnownFileType = sourcecode.swift; path = videoView.swift; sourceTree = "<group>"; };
		55311B2524A38BC000332190 /* webView.swift */ = {isa = PBXFileReference; lastKnownFileType = sourcecode.swift; path = webView.swift; sourceTree = "<group>"; };
/* End PBXFileReference section */

/* Begin PBXFrameworksBuildPhase section */
		55311AE024A330C700332190 /* Frameworks */ = {
			isa = PBXFrameworksBuildPhase;
			buildActionMask = 2147483647;
			files = (
			);
			runOnlyForDeploymentPostprocessing = 0;
		};
/* End PBXFrameworksBuildPhase section */

/* Begin PBXGroup section */
		55311ADA24A330C700332190 = {
			isa = PBXGroup;
			children = (
				55311AE524A330C700332190 /* finalProject */,
				55311AE424A330C700332190 /* Products */,
			);
			sourceTree = "<group>";
		};
		55311AE424A330C700332190 /* Products */ = {
			isa = PBXGroup;
			children = (
				55311AE324A330C700332190 /* finalProject.app */,
			);
			name = Products;
			sourceTree = "<group>";
		};
		55311AE524A330C700332190 /* finalProject */ = {
			isa = PBXGroup;
			children = (
				55311AE624A330C700332190 /* AppDelegate.swift */,
				55311AE824A330C700332190 /* SceneDelegate.swift */,
				55311AED24A330C700332190 /* ContentView.swift */,
				55311AFD24A3310200332190 /* ubikeView.swift */,
				55311B1F24A389BF00332190 /* siteView.swift */,
				55311B1D24A37C9400332190 /* ubikeRow.swift */,
				55311B0724A3317800332190 /* siteRow.swift */,
				55311B0F24A345E800332190 /* ubikeData.swift */,
				55311B1124A347CE00332190 /* siteData.swift */,
				55311B0124A3313B00332190 /* ubikeDetail.swift */,
				55311B1B24A37C7800332190 /* siteDetail.swift */,
				55311B0524A3316500332190 /* ubikeInfo.swift */,
				55311B2524A38BC000332190 /* webView.swift */,
				55311B2324A38B6400332190 /* videoView.swift */,
				55311B2124A38A5900332190 /* siteInfo.swift */,
				55311AEF24A330CB00332190 /* Assets.xcassets */,
				55311AF424A330CB00332190 /* LaunchScreen.storyboard */,
				55311AF724A330CB00332190 /* Info.plist */,
				55311AEA24A330C700332190 /* finalProject.xcdatamodeld */,
				55311AF124A330CB00332190 /* Preview Content */,
			);
			path = finalProject;
			sourceTree = "<group>";
		};
		55311AF124A330CB00332190 /* Preview Content */ = {
			isa = PBXGroup;
			children = (
				55311AF224A330CB00332190 /* Preview Assets.xcassets */,
			);
			path = "Preview Content";
			sourceTree = "<group>";
		};
/* End PBXGroup section */

/* Begin PBXNativeTarget section */
		55311AE224A330C700332190 /* finalProject */ = {
			isa = PBXNativeTarget;
			buildConfigurationList = 55311AFA24A330CB00332190 /* Build configuration list for PBXNativeTarget "finalProject" */;
			buildPhases = (
				55311ADF24A330C700332190 /* Sources */,
				55311AE024A330C700332190 /* Frameworks */,
				55311AE124A330C700332190 /* Resources */,
			);
			buildRules = (
			);
			dependencies = (
			);
			name = finalProject;
			packageProductDependencies = (
			);
			productName = finalProject;
			productReference = 55311AE324A330C700332190 /* finalProject.app */;
			productType = "com.apple.product-type.application";
		};
/* End PBXNativeTarget section */

/* Begin PBXProject section */
		55311ADB24A330C700332190 /* Project object */ = {
			isa = PBXProject;
			attributes = {
				LastSwiftUpdateCheck = 1110;
				LastUpgradeCheck = 1110;
				ORGANIZATIONNAME = 00657040;
				TargetAttributes = {
					55311AE224A330C700332190 = {
						CreatedOnToolsVersion = 11.1;
					};
				};
			};
			buildConfigurationList = 55311ADE24A330C700332190 /* Build configuration list for PBXProject "finalProject" */;
			compatibilityVersion = "Xcode 9.3";
			developmentRegion = en;
			hasScannedForEncodings = 0;
			knownRegions = (
				en,
				Base,
			);
			mainGroup = 55311ADA24A330C700332190;
			packageReferences = (
			);
			productRefGroup = 55311AE424A330C700332190 /* Products */;
			projectDirPath = "";
			projectRoot = "";
			targets = (
				55311AE224A330C700332190 /* finalProject */,
			);
		};
/* End PBXProject section */

/* Begin PBXResourcesBuildPhase section */
		55311AE124A330C700332190 /* Resources */ = {
			isa = PBXResourcesBuildPhase;
			buildActionMask = 2147483647;
			files = (
				55311AF624A330CB00332190 /* LaunchScreen.storyboard in Resources */,
				55311AF324A330CB00332190 /* Preview Assets.xcassets in Resources */,
				55311AF024A330CB00332190 /* Assets.xcassets in Resources */,
			);
			runOnlyForDeploymentPostprocessing = 0;
		};
/* End PBXResourcesBuildPhase section */

/* Begin PBXSourcesBuildPhase section */
		55311ADF24A330C700332190 /* Sources */ = {
			isa = PBXSourcesBuildPhase;
			buildActionMask = 2147483647;
			files = (
				55311AE724A330C700332190 /* AppDelegate.swift in Sources */,
				55311B2624A38BC000332190 /* webView.swift in Sources */,
				55311AEC24A330C700332190 /* finalProject.xcdatamodeld in Sources */,
				55311B2224A38A5900332190 /* siteInfo.swift in Sources */,
				55311B0224A3313B00332190 /* ubikeDetail.swift in Sources */,
				55311B1C24A37C7800332190 /* siteDetail.swift in Sources */,
				55311B1E24A37C9400332190 /* ubikeRow.swift in Sources */,
				55311B0624A3316500332190 /* ubikeInfo.swift in Sources */,
				55311B2024A389BF00332190 /* siteView.swift in Sources */,
				55311B1224A347CE00332190 /* siteData.swift in Sources */,
				55311AEE24A330C700332190 /* ContentView.swift in Sources */,
				55311B2424A38B6400332190 /* videoView.swift in Sources */,
				55311B1024A345E800332190 /* ubikeData.swift in Sources */,
				55311AE924A330C700332190 /* SceneDelegate.swift in Sources */,
				55311B0824A3317800332190 /* siteRow.swift in Sources */,
				55311AFE24A3310200332190 /* ubikeView.swift in Sources */,
			);
			runOnlyForDeploymentPostprocessing = 0;
		};
/* End PBXSourcesBuildPhase section */

/* Begin PBXVariantGroup section */
		55311AF424A330CB00332190 /* LaunchScreen.storyboard */ = {
			isa = PBXVariantGroup;
			children = (
				55311AF524A330CB00332190 /* Base */,
			);
			name = LaunchScreen.storyboard;
			sourceTree = "<group>";
		};
/* End PBXVariantGroup section */

/* Begin XCBuildConfiguration section */
		55311AF824A330CB00332190 /* Debug */ = {
			isa = XCBuildConfiguration;
			buildSettings = {
				ALWAYS_SEARCH_USER_PATHS = NO;
				CLANG_ANALYZER_NONNULL = YES;
				CLANG_ANALYZER_NUMBER_OBJECT_CONVERSION = YES_AGGRESSIVE;
				CLANG_CXX_LANGUAGE_STANDARD = "gnu++14";
				CLANG_CXX_LIBRARY = "libc++";
				CLANG_ENABLE_MODULES = YES;
				CLANG_ENABLE_OBJC_ARC = YES;
				CLANG_ENABLE_OBJC_WEAK = YES;
				CLANG_WARN_BLOCK_CAPTURE_AUTORELEASING = YES;
				CLANG_WARN_BOOL_CONVERSION = YES;
				CLANG_WARN_COMMA = YES;
				CLANG_WARN_CONSTANT_CONVERSION = YES;
				CLANG_WARN_DEPRECATED_OBJC_IMPLEMENTATIONS = YES;
				CLANG_WARN_DIRECT_OBJC_ISA_USAGE = YES_ERROR;
				CLANG_WARN_DOCUMENTATION_COMMENTS = YES;
				CLANG_WARN_EMPTY_BODY = YES;
				CLANG_WARN_ENUM_CONVERSION = YES;
				CLANG_WARN_INFINITE_RECURSION = YES;
				CLANG_WARN_INT_CONVERSION = YES;
				CLANG_WARN_NON_LITERAL_NULL_CONVERSION = YES;
				CLANG_WARN_OBJC_IMPLICIT_RETAIN_SELF = YES;
				CLANG_WARN_OBJC_LITERAL_CONVERSION = YES;
				CLANG_WARN_OBJC_ROOT_CLASS = YES_ERROR;
				CLANG_WARN_RANGE_LOOP_ANALYSIS = YES;
				CLANG_WARN_STRICT_PROTOTYPES = YES;
				CLANG_WARN_SUSPICIOUS_MOVE = YES;
				CLANG_WARN_UNGUARDED_AVAILABILITY = YES_AGGRESSIVE;
				CLANG_WARN_UNREACHABLE_CODE = YES;
				CLANG_WARN__DUPLICATE_METHOD_MATCH = YES;
				COPY_PHASE_STRIP = NO;
				DEBUG_INFORMATION_FORMAT = dwarf;
				ENABLE_STRICT_OBJC_MSGSEND = YES;
				ENABLE_TESTABILITY = YES;
				GCC_C_LANGUAGE_STANDARD = gnu11;
				GCC_DYNAMIC_NO_PIC = NO;
				GCC_NO_COMMON_BLOCKS = YES;
				GCC_OPTIMIZATION_LEVEL = 0;
				GCC_PREPROCESSOR_DEFINITIONS = (
					"DEBUG=1",
					"$(inherited)",
				);
				GCC_WARN_64_TO_32_BIT_CONVERSION = YES;
				GCC_WARN_ABOUT_RETURN_TYPE = YES_ERROR;
				GCC_WARN_UNDECLARED_SELECTOR = YES;
				GCC_WARN_UNINITIALIZED_AUTOS = YES_AGGRESSIVE;
				GCC_WARN_UNUSED_FUNCTION = YES;
				GCC_WARN_UNUSED_VARIABLE = YES;
				IPHONEOS_DEPLOYMENT_TARGET = 13.1;
				MTL_ENABLE_DEBUG_INFO = INCLUDE_SOURCE;
				MTL_FAST_MATH = YES;
				ONLY_ACTIVE_ARCH = YES;
				SDKROOT = iphoneos;
				SWIFT_ACTIVE_COMPILATION_CONDITIONS = DEBUG;
				SWIFT_OPTIMIZATION_LEVEL = "-Onone";
			};
			name = Debug;
		};
		55311AF924A330CB00332190 /* Release */ = {
			isa = XCBuildConfiguration;
			buildSettings = {
				ALWAYS_SEARCH_USER_PATHS = NO;
				CLANG_ANALYZER_NONNULL = YES;
				CLANG_ANALYZER_NUMBER_OBJECT_CONVERSION = YES_AGGRESSIVE;
				CLANG_CXX_LANGUAGE_STANDARD = "gnu++14";
				CLANG_CXX_LIBRARY = "libc++";
				CLANG_ENABLE_MODULES = YES;
				CLANG_ENABLE_OBJC_ARC = YES;
				CLANG_ENABLE_OBJC_WEAK = YES;
				CLANG_WARN_BLOCK_CAPTURE_AUTORELEASING = YES;
				CLANG_WARN_BOOL_CONVERSION = YES;
				CLANG_WARN_COMMA = YES;
				CLANG_WARN_CONSTANT_CONVERSION = YES;
				CLANG_WARN_DEPRECATED_OBJC_IMPLEMENTATIONS = YES;
				CLANG_WARN_DIRECT_OBJC_ISA_USAGE = YES_ERROR;
				CLANG_WARN_DOCUMENTATION_COMMENTS = YES;
				CLANG_WARN_EMPTY_BODY = YES;
				CLANG_WARN_ENUM_CONVERSION = YES;
				CLANG_WARN_INFINITE_RECURSION = YES;
				CLANG_WARN_INT_CONVERSION = YES;
				CLANG_WARN_NON_LITERAL_NULL_CONVERSION = YES;
				CLANG_WARN_OBJC_IMPLICIT_RETAIN_SELF = YES;
				CLANG_WARN_OBJC_LITERAL_CONVERSION = YES;
				CLANG_WARN_OBJC_ROOT_CLASS = YES_ERROR;
				CLANG_WARN_RANGE_LOOP_ANALYSIS = YES;
				CLANG_WARN_STRICT_PROTOTYPES = YES;
				CLANG_WARN_SUSPICIOUS_MOVE = YES;
				CLANG_WARN_UNGUARDED_AVAILABILITY = YES_AGGRESSIVE;
				CLANG_WARN_UNREACHABLE_CODE = YES;
				CLANG_WARN__DUPLICATE_METHOD_MATCH = YES;
				COPY_PHASE_STRIP = NO;
				DEBUG_INFORMATION_FORMAT = "dwarf-with-dsym";
				ENABLE_NS_ASSERTIONS = NO;
				ENABLE_STRICT_OBJC_MSGSEND = YES;
				GCC_C_LANGUAGE_STANDARD = gnu11;
				GCC_NO_COMMON_BLOCKS = YES;
				GCC_WARN_64_TO_32_BIT_CONVERSION = YES;
				GCC_WARN_ABOUT_RETURN_TYPE = YES_ERROR;
				GCC_WARN_UNDECLARED_SELECTOR = YES;
				GCC_WARN_UNINITIALIZED_AUTOS = YES_AGGRESSIVE;
				GCC_WARN_UNUSED_FUNCTION = YES;
				GCC_WARN_UNUSED_VARIABLE = YES;
				IPHONEOS_DEPLOYMENT_TARGET = 13.1;
				MTL_ENABLE_DEBUG_INFO = NO;
				MTL_FAST_MATH = YES;
				SDKROOT = iphoneos;
				SWIFT_COMPILATION_MODE = wholemodule;
				SWIFT_OPTIMIZATION_LEVEL = "-O";
				VALIDATE_PRODUCT = YES;
			};
			name = Release;
		};
		55311AFB24A330CB00332190 /* Debug */ = {
			isa = XCBuildConfiguration;
			buildSettings = {
				ASSETCATALOG_COMPILER_APPICON_NAME = AppIcon;
				CODE_SIGN_STYLE = Automatic;
				DEVELOPMENT_ASSET_PATHS = "\"finalProject/Preview Content\"";
				ENABLE_PREVIEWS = YES;
				INFOPLIST_FILE = finalProject/Info.plist;
				LD_RUNPATH_SEARCH_PATHS = (
					"$(inherited)",
					"@executable_path/Frameworks",
				);
				PRODUCT_BUNDLE_IDENTIFIER = ntou.finalProject;
				PRODUCT_NAME = "$(TARGET_NAME)";
				SWIFT_VERSION = 5.0;
				TARGETED_DEVICE_FAMILY = "1,2";
			};
			name = Debug;
		};
		55311AFC24A330CB00332190 /* Release */ = {
			isa = XCBuildConfiguration;
			buildSettings = {
				ASSETCATALOG_COMPILER_APPICON_NAME = AppIcon;
				CODE_SIGN_STYLE = Automatic;
				DEVELOPMENT_ASSET_PATHS = "\"finalProject/Preview Content\"";
				ENABLE_PREVIEWS = YES;
				INFOPLIST_FILE = finalProject/Info.plist;
				LD_RUNPATH_SEARCH_PATHS = (
					"$(inherited)",
					"@executable_path/Frameworks",
				);
				PRODUCT_BUNDLE_IDENTIFIER = ntou.finalProject;
				PRODUCT_NAME = "$(TARGET_NAME)";
				SWIFT_VERSION = 5.0;
				TARGETED_DEVICE_FAMILY = "1,2";
			};
			name = Release;
		};
/* End XCBuildConfiguration section */

/* Begin XCConfigurationList section */
		55311ADE24A330C700332190 /* Build configuration list for PBXProject "finalProject" */ = {
			isa = XCConfigurationList;
			buildConfigurations = (
				55311AF824A330CB00332190 /* Debug */,
				55311AF924A330CB00332190 /* Release */,
			);
			defaultConfigurationIsVisible = 0;
			defaultConfigurationName = Release;
		};
		55311AFA24A330CB00332190 /* Build configuration list for PBXNativeTarget "finalProject" */ = {
			isa = XCConfigurationList;
			buildConfigurations = (
				55311AFB24A330CB00332190 /* Debug */,
				55311AFC24A330CB00332190 /* Release */,
			);
			defaultConfigurationIsVisible = 0;
			defaultConfigurationName = Release;
		};
/* End XCConfigurationList section */

/* Begin XCVersionGroup section */
		55311AEA24A330C700332190 /* finalProject.xcdatamodeld */ = {
			isa = XCVersionGroup;
			children = (
				55311AEB24A330C700332190 /* finalProject.xcdatamodel */,
			);
			currentVersion = 55311AEB24A330C700332190 /* finalProject.xcdatamodel */;
			path = finalProject.xcdatamodeld;
			sourceTree = "<group>";
			versionGroupType = wrapper.xcdatamodel;
		};
/* End XCVersionGroup section */
	};
	rootObject = 55311ADB24A330C700332190 /* Project object */;
}
